
Microsoft Visual Studio Solution File, Format Version 12.00
# Visual Studio Version 17
VisualStudioVersion = 17.5.33516.290
MinimumVisualStudioVersion = 10.0.40219.1
Project("{8BC9CEB8-8B4A-11D0-8D11-00A0C91BC942}") = "SnakeGame", "SnakeGame\SnakeGame.vcxproj", "{7BDBE331-F1DD-4A81-BD0D-945CF9A168E9}"
EndProject
Global
	GlobalSection(SolutionConfigurationPlatforms) = preSolution
		Debug|x64 = Debug|x64
		Debug|x86 = Debug|x86
		Release|x64 = Release|x64
		Release|x86 = Release|x86
	EndGlobalSection
	GlobalSection(ProjectConfigurationPlatforms) = postSolution
		{7BDBE331-F1DD-4A81-BD0D-945CF9A168E9}.Debug|x64.ActiveCfg = Debug|x64
		{7BDBE331-F1DD-4A81-BD0D-945CF9A168E9}.Debug|x64.Build.0 = Debug|x64
		{7BDBE331-F1DD-4A81-BD0D-945CF9A168E9}.Debug|x86.ActiveCfg = Debug|Win32
		{7BDBE331-F1DD-4A81-BD0D-945CF9A168E9}.Debug|x86.Build.0 = Debug|Win32
		{7BDBE331-F1DD-4A81-BD0D-945CF9A168E9}.Release|x64.ActiveCfg = Release|x64
		{7BDBE331-F1DD-4A81-BD0D-945CF9A168E9}.Release|x64.Build.0 = Release|x64
		{7BDBE331-F1DD-4A81-BD0D-945CF9A168E9}.Release|x86.ActiveCfg = Release|Win32
		{7BDBE331-F1DD-4A81-BD0D-945CF9A168E9}.Release|x86.Build.0 = Release|Win32
	EndGlobalSection
	GlobalSection(SolutionProperties) = preSolution
		HideSolutionNode = FALSE
	EndGlobalSection
	GlobalSection(ExtensibilityGlobals) = postSolution
		SolutionGuid = {04B23851-C057-4935-9422-5F0963A93AFF}
	EndGlobalSection
EndGlobal
